// !$*UTF8*$!
{
	archiveVersion = 1;
	classes = {
	};
	objectVersion = 50;
	objects = {

/* Begin PBXBuildFile section */
		5F01D13222CC830100085C58 /* AppDelegate.swift in Sources */ = {isa = PBXBuildFile; fileRef = 5F01D13122CC830100085C58 /* AppDelegate.swift */; };
		5F01D13422CC830100085C58 /* ShoppingViewController.swift in Sources */ = {isa = PBXBuildFile; fileRef = 5F01D13322CC830100085C58 /* ShoppingViewController.swift */; };
		5F01D13722CC830100085C58 /* Main.storyboard in Resources */ = {isa = PBXBuildFile; fileRef = 5F01D13522CC830100085C58 /* Main.storyboard */; };
		5F01D13922CC831000085C58 /* Assets.xcassets in Resources */ = {isa = PBXBuildFile; fileRef = 5F01D13822CC831000085C58 /* Assets.xcassets */; };
		5F01D13C22CC831000085C58 /* LaunchScreen.storyboard in Resources */ = {isa = PBXBuildFile; fileRef = 5F01D13A22CC831000085C58 /* LaunchScreen.storyboard */; };
		5F01D14422CC910D00085C58 /* SettingsViewController.swift in Sources */ = {isa = PBXBuildFile; fileRef = 5F01D14322CC910D00085C58 /* SettingsViewController.swift */; };
		5F01D14622CC911600085C58 /* TaxesViewController.swift in Sources */ = {isa = PBXBuildFile; fileRef = 5F01D14522CC911600085C58 /* TaxesViewController.swift */; };
		5F1C90F12303EA1900A7B0FF /* TaxesCalculator.swift in Sources */ = {isa = PBXBuildFile; fileRef = 5F1C90F02303EA1800A7B0FF /* TaxesCalculator.swift */; };
		5F1C90F32303F12C00A7B0FF /* UIViewController+TaxesCalculator.swift in Sources */ = {isa = PBXBuildFile; fileRef = 5F1C90F22303F12C00A7B0FF /* UIViewController+TaxesCalculator.swift */; };
/* End PBXBuildFile section */

/* Begin PBXFileReference section */
		5F01D12E22CC830100085C58 /* ComprasUSA.app */ = {isa = PBXFileReference; explicitFileType = wrapper.application; includeInIndex = 0; path = ComprasUSA.app; sourceTree = BUILT_PRODUCTS_DIR; };
		5F01D13122CC830100085C58 /* AppDelegate.swift */ = {isa = PBXFileReference; lastKnownFileType = sourcecode.swift; path = AppDelegate.swift; sourceTree = "<group>"; };
		5F01D13322CC830100085C58 /* ShoppingViewController.swift */ = {isa = PBXFileReference; lastKnownFileType = sourcecode.swift; path = ShoppingViewController.swift; sourceTree = "<group>"; };
		5F01D13622CC830100085C58 /* Base */ = {isa = PBXFileReference; lastKnownFileType = file.storyboard; name = Base; path = Base.lproj/Main.storyboard; sourceTree = "<group>"; };
		5F01D13822CC831000085C58 /* Assets.xcassets */ = {isa = PBXFileReference; lastKnownFileType = folder.assetcatalog; path = Assets.xcassets; sourceTree = "<group>"; };
		5F01D13B22CC831000085C58 /* Base */ = {isa = PBXFileReference; lastKnownFileType = file.storyboard; name = Base; path = Base.lproj/LaunchScreen.storyboard; sourceTree = "<group>"; };
		5F01D13D22CC831000085C58 /* Info.plist */ = {isa = PBXFileReference; lastKnownFileType = text.plist.xml; path = Info.plist; sourceTree = "<group>"; };
		5F01D14322CC910D00085C58 /* SettingsViewController.swift */ = {isa = PBXFileReference; lastKnownFileType = sourcecode.swift; path = SettingsViewController.swift; sourceTree = "<group>"; };
		5F01D14522CC911600085C58 /* TaxesViewController.swift */ = {isa = PBXFileReference; lastKnownFileType = sourcecode.swift; path = TaxesViewController.swift; sourceTree = "<group>"; };
		5F1C90F02303EA1800A7B0FF /* TaxesCalculator.swift */ = {isa = PBXFileReference; lastKnownFileType = sourcecode.swift; path = TaxesCalculator.swift; sourceTree = "<group>"; };
		5F1C90F22303F12C00A7B0FF /* UIViewController+TaxesCalculator.swift */ = {isa = PBXFileReference; lastKnownFileType = sourcecode.swift; path = "UIViewController+TaxesCalculator.swift"; sourceTree = "<group>"; };
/* End PBXFileReference section */

/* Begin PBXFrameworksBuildPhase section */
		5F01D12B22CC830100085C58 /* Frameworks */ = {
			isa = PBXFrameworksBuildPhase;
			buildActionMask = 2147483647;
			files = (
			);
			runOnlyForDeploymentPostprocessing = 0;
		};
/* End PBXFrameworksBuildPhase section */

/* Begin PBXGroup section */
		5F01D12522CC830100085C58 = {
			isa = PBXGroup;
			children = (
				5F01D13022CC830100085C58 /* ComprasUSA */,
				5F01D12F22CC830100085C58 /* Products */,
			);
			sourceTree = "<group>";
		};
		5F01D12F22CC830100085C58 /* Products */ = {
			isa = PBXGroup;
			children = (
				5F01D12E22CC830100085C58 /* ComprasUSA.app */,
			);
			name = Products;
			sourceTree = "<group>";
		};
		5F01D13022CC830100085C58 /* ComprasUSA */ = {
			isa = PBXGroup;
			children = (
				5F01D13122CC830100085C58 /* AppDelegate.swift */,
				5F01D13322CC830100085C58 /* ShoppingViewController.swift */,
				5F1C90F22303F12C00A7B0FF /* UIViewController+TaxesCalculator.swift */,
				5F1C90F02303EA1800A7B0FF /* TaxesCalculator.swift */,
				5F01D14322CC910D00085C58 /* SettingsViewController.swift */,
				5F01D14522CC911600085C58 /* TaxesViewController.swift */,
				5F01D13522CC830100085C58 /* Main.storyboard */,
				5F01D13822CC831000085C58 /* Assets.xcassets */,
				5F01D13A22CC831000085C58 /* LaunchScreen.storyboard */,
				5F01D13D22CC831000085C58 /* Info.plist */,
			);
			path = ComprasUSA;
			sourceTree = "<group>";
		};
/* End PBXGroup section */

/* Begin PBXNativeTarget section */
		5F01D12D22CC830100085C58 /* ComprasUSA */ = {
			isa = PBXNativeTarget;
			buildConfigurationList = 5F01D14022CC831000085C58 /* Build configuration list for PBXNativeTarget "ComprasUSA" */;
			buildPhases = (
				5F01D12A22CC830100085C58 /* Sources */,
				5F01D12B22CC830100085C58 /* Frameworks */,
				5F01D12C22CC830100085C58 /* Resources */,
			);
			buildRules = (
			);
			dependencies = (
			);
			name = ComprasUSA;
			productName = ComprasUSA;
			productReference = 5F01D12E22CC830100085C58 /* ComprasUSA.app */;
			productType = "com.apple.product-type.application";
		};
/* End PBXNativeTarget section */

/* Begin PBXProject section */
		5F01D12622CC830100085C58 /* Project object */ = {
			isa = PBXProject;
			attributes = {
				LastSwiftUpdateCheck = 0940;
				LastUpgradeCheck = 0940;
				ORGANIZATIONNAME = "Bruno Luiz";
				TargetAttributes = {
					5F01D12D22CC830100085C58 = {
						CreatedOnToolsVersion = 9.4;
					};
				};
			};
			buildConfigurationList = 5F01D12922CC830100085C58 /* Build configuration list for PBXProject "ComprasUSA" */;
			compatibilityVersion = "Xcode 9.3";
			developmentRegion = en;
			hasScannedForEncodings = 0;
			knownRegions = (
				en,
				Base,
			);
			mainGroup = 5F01D12522CC830100085C58;
			productRefGroup = 5F01D12F22CC830100085C58 /* Products */;
			projectDirPath = "";
			projectRoot = "";
			targets = (
				5F01D12D22CC830100085C58 /* ComprasUSA */,
			);
		};
/* End PBXProject section */

/* Begin PBXResourcesBuildPhase section */
		5F01D12C22CC830100085C58 /* Resources */ = {
			isa = PBXResourcesBuildPhase;
			buildActionMask = 2147483647;
			files = (
				5F01D13C22CC831000085C58 /* LaunchScreen.storyboard in Resources */,
				5F01D13922CC831000085C58 /* Assets.xcassets in Resources */,
				5F01D13722CC830100085C58 /* Main.storyboard in Resources */,
			);
			runOnlyForDeploymentPostprocessing = 0;
		};
/* End PBXResourcesBuildPhase section */

/* Begin PBXSourcesBuildPhase section */
		5F01D12A22CC830100085C58 /* Sources */ = {
			isa = PBXSourcesBuildPhase;
			buildActionMask = 2147483647;
			files = (
				5F1C90F32303F12C00A7B0FF /* UIViewController+TaxesCalculator.swift in Sources */,
				5F01D14622CC911600085C58 /* TaxesViewController.swift in Sources */,
				5F01D13422CC830100085C58 /* ShoppingViewController.swift in Sources */,
				5F1C90F12303EA1900A7B0FF /* TaxesCalculator.swift in Sources */,
				5F01D13222CC830100085C58 /* AppDelegate.swift in Sources */,
				5F01D14422CC910D00085C58 /* SettingsViewController.swift in Sources */,
			);
			runOnlyForDeploymentPostprocessing = 0;
		};
/* End PBXSourcesBuildPhase section */

/* Begin PBXVariantGroup section */
		5F01D13522CC830100085C58 /* Main.storyboard */ = {
			isa = PBXVariantGroup;
			children = (
				5F01D13622CC830100085C58 /* Base */,
			);
			name = Main.storyboard;
			sourceTree = "<group>";
		};
		5F01D13A22CC831000085C58 /* LaunchScreen.storyboard */ = {
			isa = PBXVariantGroup;
			children = (
				5F01D13B22CC831000085C58 /* Base */,
			);
			name = LaunchScreen.storyboard;
			sourceTree = "<group>";
		};
/* End PBXVariantGroup section */

/* Begin XCBuildConfiguration section */
		5F01D13E22CC831000085C58 /* Debug */ = {
			isa = XCBuildConfiguration;
			buildSettings = {
				ALWAYS_SEARCH_USER_PATHS = NO;
				CLANG_ANALYZER_NONNULL = YES;
				CLANG_ANALYZER_NUMBER_OBJECT_CONVERSION = YES_AGGRESSIVE;
				CLANG_CXX_LANGUAGE_STANDARD = "gnu++14";
				CLANG_CXX_LIBRARY = "libc++";
				CLANG_ENABLE_MODULES = YES;
				CLANG_ENABLE_OBJC_ARC = YES;
				CLANG_ENABLE_OBJC_WEAK = YES;
				CLANG_WARN_BLOCK_CAPTURE_AUTORELEASING = YES;
				CLANG_WARN_BOOL_CONVERSION = YES;
				CLANG_WARN_COMMA = YES;
				CLANG_WARN_CONSTANT_CONVERSION = YES;
				CLANG_WARN_DEPRECATED_OBJC_IMPLEMENTATIONS = YES;
				CLANG_WARN_DIRECT_OBJC_ISA_USAGE = YES_ERROR;
				CLANG_WARN_DOCUMENTATION_COMMENTS = YES;
				CLANG_WARN_EMPTY_BODY = YES;
				CLANG_WARN_ENUM_CONVERSION = YES;
				CLANG_WARN_INFINITE_RECURSION = YES;
				CLANG_WARN_INT_CONVERSION = YES;
				CLANG_WARN_NON_LITERAL_NULL_CONVERSION = YES;
				CLANG_WARN_OBJC_IMPLICIT_RETAIN_SELF = YES;
				CLANG_WARN_OBJC_LITERAL_CONVERSION = YES;
				CLANG_WARN_OBJC_ROOT_CLASS = YES_ERROR;
				CLANG_WARN_RANGE_LOOP_ANALYSIS = YES;
				CLANG_WARN_STRICT_PROTOTYPES = YES;
				CLANG_WARN_SUSPICIOUS_MOVE = YES;
				CLANG_WARN_UNGUARDED_AVAILABILITY = YES_AGGRESSIVE;
				CLANG_WARN_UNREACHABLE_CODE = YES;
				CLANG_WARN__DUPLICATE_METHOD_MATCH = YES;
				CODE_SIGN_IDENTITY = "iPhone Developer";
				COPY_PHASE_STRIP = NO;
				DEBUG_INFORMATION_FORMAT = dwarf;
				ENABLE_STRICT_OBJC_MSGSEND = YES;
				ENABLE_TESTABILITY = YES;
				GCC_C_LANGUAGE_STANDARD = gnu11;
				GCC_DYNAMIC_NO_PIC = NO;
				GCC_NO_COMMON_BLOCKS = YES;
				GCC_OPTIMIZATION_LEVEL = 0;
				GCC_PREPROCESSOR_DEFINITIONS = (
					"DEBUG=1",
					"$(inherited)",
				);
				GCC_WARN_64_TO_32_BIT_CONVERSION = YES;
				GCC_WARN_ABOUT_RETURN_TYPE = YES_ERROR;
				GCC_WARN_UNDECLARED_SELECTOR = YES;
				GCC_WARN_UNINITIALIZED_AUTOS = YES_AGGRESSIVE;
				GCC_WARN_UNUSED_FUNCTION = YES;
				GCC_WARN_UNUSED_VARIABLE = YES;
				IPHONEOS_DEPLOYMENT_TARGET = 11.4;
				MTL_ENABLE_DEBUG_INFO = YES;
				ONLY_ACTIVE_ARCH = YES;
				SDKROOT = iphoneos;
				SWIFT_ACTIVE_COMPILATION_CONDITIONS = DEBUG;
				SWIFT_OPTIMIZATION_LEVEL = "-Onone";
			};
			name = Debug;
		};
		5F01D13F22CC831000085C58 /* Release */ = {
			isa = XCBuildConfiguration;
			buildSettings = {
				ALWAYS_SEARCH_USER_PATHS = NO;
				CLANG_ANALYZER_NONNULL = YES;
				CLANG_ANALYZER_NUMBER_OBJECT_CONVERSION = YES_AGGRESSIVE;
				CLANG_CXX_LANGUAGE_STANDARD = "gnu++14";
				CLANG_CXX_LIBRARY = "libc++";
				CLANG_ENABLE_MODULES = YES;
				CLANG_ENABLE_OBJC_ARC = YES;
				CLANG_ENABLE_OBJC_WEAK = YES;
				CLANG_WARN_BLOCK_CAPTURE_AUTORELEASING = YES;
				CLANG_WARN_BOOL_CONVERSION = YES;
				CLANG_WARN_COMMA = YES;
				CLANG_WARN_CONSTANT_CONVERSION = YES;
				CLANG_WARN_DEPRECATED_OBJC_IMPLEMENTATIONS = YES;
				CLANG_WARN_DIRECT_OBJC_ISA_USAGE = YES_ERROR;
				CLANG_WARN_DOCUMENTATION_COMMENTS = YES;
				CLANG_WARN_EMPTY_BODY = YES;
				CLANG_WARN_ENUM_CONVERSION = YES;
				CLANG_WARN_INFINITE_RECURSION = YES;
				CLANG_WARN_INT_CONVERSION = YES;
				CLANG_WARN_NON_LITERAL_NULL_CONVERSION = YES;
				CLANG_WARN_OBJC_IMPLICIT_RETAIN_SELF = YES;
				CLANG_WARN_OBJC_LITERAL_CONVERSION = YES;
				CLANG_WARN_OBJC_ROOT_CLASS = YES_ERROR;
				CLANG_WARN_RANGE_LOOP_ANALYSIS = YES;
				CLANG_WARN_STRICT_PROTOTYPES = YES;
				CLANG_WARN_SUSPICIOUS_MOVE = YES;
				CLANG_WARN_UNGUARDED_AVAILABILITY = YES_AGGRESSIVE;
				CLANG_WARN_UNREACHABLE_CODE = YES;
				CLANG_WARN__DUPLICATE_METHOD_MATCH = YES;
				CODE_SIGN_IDENTITY = "iPhone Developer";
				COPY_PHASE_STRIP = NO;
				DEBUG_INFORMATION_FORMAT = "dwarf-with-dsym";
				ENABLE_NS_ASSERTIONS = NO;
				ENABLE_STRICT_OBJC_MSGSEND = YES;
				GCC_C_LANGUAGE_STANDARD = gnu11;
				GCC_NO_COMMON_BLOCKS = YES;
				GCC_WARN_64_TO_32_BIT_CONVERSION = YES;
				GCC_WARN_ABOUT_RETURN_TYPE = YES_ERROR;
				GCC_WARN_UNDECLARED_SELECTOR = YES;
				GCC_WARN_UNINITIALIZED_AUTOS = YES_AGGRESSIVE;
				GCC_WARN_UNUSED_FUNCTION = YES;
				GCC_WARN_UNUSED_VARIABLE = YES;
				IPHONEOS_DEPLOYMENT_TARGET = 11.4;
				MTL_ENABLE_DEBUG_INFO = NO;
				SDKROOT = iphoneos;
				SWIFT_COMPILATION_MODE = wholemodule;
				SWIFT_OPTIMIZATION_LEVEL = "-O";
				VALIDATE_PRODUCT = YES;
			};
			name = Release;
		};
		5F01D14122CC831000085C58 /* Debug */ = {
			isa = XCBuildConfiguration;
			buildSettings = {
				ASSETCATALOG_COMPILER_APPICON_NAME = AppIcon;
				CODE_SIGN_STYLE = Automatic;
				DEVELOPMENT_TEAM = 9HS6SQY2PA;
				INFOPLIST_FILE = ComprasUSA/Info.plist;
				LD_RUNPATH_SEARCH_PATHS = (
					"$(inherited)",
					"@executable_path/Frameworks",
				);
				PRODUCT_BUNDLE_IDENTIFIER = com.brunoluiz.ComprasUSA;
				PRODUCT_NAME = "$(TARGET_NAME)";
				SWIFT_VERSION = 4.0;
				TARGETED_DEVICE_FAMILY = "1,2";
			};
			name = Debug;
		};
		5F01D14222CC831000085C58 /* Release */ = {
			isa = XCBuildConfiguration;
			buildSettings = {
				ASSETCATALOG_COMPILER_APPICON_NAME = AppIcon;
				CODE_SIGN_STYLE = Automatic;
				DEVELOPMENT_TEAM = 9HS6SQY2PA;
				INFOPLIST_FILE = ComprasUSA/Info.plist;
				LD_RUNPATH_SEARCH_PATHS = (
					"$(inherited)",
					"@executable_path/Frameworks",
				);
				PRODUCT_BUNDLE_IDENTIFIER = com.brunoluiz.ComprasUSA;
				PRODUCT_NAME = "$(TARGET_NAME)";
				SWIFT_VERSION = 4.0;
				TARGETED_DEVICE_FAMILY = "1,2";
			};
			name = Release;
		};
/* End XCBuildConfiguration section */

/* Begin XCConfigurationList section */
		5F01D12922CC830100085C58 /* Build configuration list for PBXProject "ComprasUSA" */ = {
			isa = XCConfigurationList;
			buildConfigurations = (
				5F01D13E22CC831000085C58 /* Debug */,
				5F01D13F22CC831000085C58 /* Release */,
			);
			defaultConfigurationIsVisible = 0;
			defaultConfigurationName = Release;
		};
		5F01D14022CC831000085C58 /* Build configuration list for PBXNativeTarget "ComprasUSA" */ = {
			isa = XCConfigurationList;
			buildConfigurations = (
				5F01D14122CC831000085C58 /* Debug */,
				5F01D14222CC831000085C58 /* Release */,
			);
			defaultConfigurationIsVisible = 0;
			defaultConfigurationName = Release;
		};
/* End XCConfigurationList section */
	};
	rootObject = 5F01D12622CC830100085C58 /* Project object */;
}
